
Microsoft Visual Studio Solution File, Format Version 12.00
# Visual Studio Version 16
VisualStudioVersion = 16.0.30503.244
MinimumVisualStudioVersion = 10.0.40219.1
Project("{9A19103F-16F7-4668-BE54-9A1E7A4F7556}") = "Peliculas", "Peliculas\Peliculas.csproj", "{00A48315-BB0D-4804-8225-6D9773509BE6}"
EndProject
Global
	GlobalSection(SolutionConfigurationPlatforms) = preSolution
		Debug|Any CPU = Debug|Any CPU
		Release|Any CPU = Release|Any CPU
	EndGlobalSection
	GlobalSection(ProjectConfigurationPlatforms) = postSolution
		{00A48315-BB0D-4804-8225-6D9773509BE6}.Debug|Any CPU.ActiveCfg = Debug|Any CPU
		{00A48315-BB0D-4804-8225-6D9773509BE6}.Debug|Any CPU.Build.0 = Debug|Any CPU
		{00A48315-BB0D-4804-8225-6D9773509BE6}.Release|Any CPU.ActiveCfg = Release|Any CPU
		{00A48315-BB0D-4804-8225-6D9773509BE6}.Release|Any CPU.Build.0 = Release|Any CPU
	EndGlobalSection
	GlobalSection(SolutionProperties) = preSolution
		HideSolutionNode = FALSE
	EndGlobalSection
	GlobalSection(ExtensibilityGlobals) = postSolution
		SolutionGuid = {2426ACFB-8C52-4DFF-A181-563DCA1F8328}
	EndGlobalSection
EndGlobal
