
Microsoft Visual Studio Solution File, Format Version 12.00
# Visual Studio Version 16
VisualStudioVersion = 16.0.30503.244
MinimumVisualStudioVersion = 10.0.40219.1
Project("{9A19103F-16F7-4668-BE54-9A1E7A4F7556}") = "BotService", "BotService\BotService.csproj", "{05F79713-F2C2-48FE-A028-3851B68F0BBE}"
EndProject
Global
	GlobalSection(SolutionConfigurationPlatforms) = preSolution
		Debug|Any CPU = Debug|Any CPU
		Release|Any CPU = Release|Any CPU
	EndGlobalSection
	GlobalSection(ProjectConfigurationPlatforms) = postSolution
		{05F79713-F2C2-48FE-A028-3851B68F0BBE}.Debug|Any CPU.ActiveCfg = Debug|Any CPU
		{05F79713-F2C2-48FE-A028-3851B68F0BBE}.Debug|Any CPU.Build.0 = Debug|Any CPU
		{05F79713-F2C2-48FE-A028-3851B68F0BBE}.Release|Any CPU.ActiveCfg = Release|Any CPU
		{05F79713-F2C2-48FE-A028-3851B68F0BBE}.Release|Any CPU.Build.0 = Release|Any CPU
	EndGlobalSection
	GlobalSection(SolutionProperties) = preSolution
		HideSolutionNode = FALSE
	EndGlobalSection
	GlobalSection(ExtensibilityGlobals) = postSolution
		SolutionGuid = {BD2D32D5-7D53-40D7-A93D-7CF6AB1A2942}
	EndGlobalSection
EndGlobal
