
Microsoft Visual Studio Solution File, Format Version 12.00
# Visual Studio Version 16
VisualStudioVersion = 16.0.30503.244
MinimumVisualStudioVersion = 10.0.40219.1
Project("{9A19103F-16F7-4668-BE54-9A1E7A4F7556}") = "AgendaServicioAutomotriz", "AgendaServicioAutomotriz\AgendaServicioAutomotriz.csproj", "{88A496DE-055E-4686-B763-B09D866DA2E8}"
EndProject
Global
	GlobalSection(SolutionConfigurationPlatforms) = preSolution
		Debug|Any CPU = Debug|Any CPU
		Release|Any CPU = Release|Any CPU
	EndGlobalSection
	GlobalSection(ProjectConfigurationPlatforms) = postSolution
		{88A496DE-055E-4686-B763-B09D866DA2E8}.Debug|Any CPU.ActiveCfg = Debug|Any CPU
		{88A496DE-055E-4686-B763-B09D866DA2E8}.Debug|Any CPU.Build.0 = Debug|Any CPU
		{88A496DE-055E-4686-B763-B09D866DA2E8}.Release|Any CPU.ActiveCfg = Release|Any CPU
		{88A496DE-055E-4686-B763-B09D866DA2E8}.Release|Any CPU.Build.0 = Release|Any CPU
	EndGlobalSection
	GlobalSection(SolutionProperties) = preSolution
		HideSolutionNode = FALSE
	EndGlobalSection
	GlobalSection(ExtensibilityGlobals) = postSolution
		SolutionGuid = {F66B07E5-F83F-43D6-9761-4A15863A29B1}
	EndGlobalSection
EndGlobal
